
Microsoft Visual Studio Solution File, Format Version 12.00
# Visual Studio Version 16
VisualStudioVersion = 16.0.30621.155
MinimumVisualStudioVersion = 10.0.40219.1
Project("{9A19103F-16F7-4668-BE54-9A1E7A4F7556}") = "Task2", "Task2\Task2.csproj", "{0D7FF2AC-5F24-4055-839B-9481D6FBBE67}"
EndProject
Project("{9A19103F-16F7-4668-BE54-9A1E7A4F7556}") = "Task3", "Task3Tests\Task3.csproj", "{64C63E6D-7F9C-41B0-A2C9-CD9ED4E26D19}"
EndProject
Project("{FAE04EC0-301F-11D3-BF4B-00C04F79EFBC}") = "ExtraTask", "ExtraTask\ExtraTask.csproj", "{AE15CD8D-4F13-45A6-B6AD-6D2A3E8C15AF}"
EndProject
Global
	GlobalSection(SolutionConfigurationPlatforms) = preSolution
		Debug|Any CPU = Debug|Any CPU
		Release|Any CPU = Release|Any CPU
	EndGlobalSection
	GlobalSection(ProjectConfigurationPlatforms) = postSolution
		{0D7FF2AC-5F24-4055-839B-9481D6FBBE67}.Debug|Any CPU.ActiveCfg = Debug|Any CPU
		{0D7FF2AC-5F24-4055-839B-9481D6FBBE67}.Debug|Any CPU.Build.0 = Debug|Any CPU
		{0D7FF2AC-5F24-4055-839B-9481D6FBBE67}.Release|Any CPU.ActiveCfg = Release|Any CPU
		{0D7FF2AC-5F24-4055-839B-9481D6FBBE67}.Release|Any CPU.Build.0 = Release|Any CPU
		{64C63E6D-7F9C-41B0-A2C9-CD9ED4E26D19}.Debug|Any CPU.ActiveCfg = Debug|Any CPU
		{64C63E6D-7F9C-41B0-A2C9-CD9ED4E26D19}.Debug|Any CPU.Build.0 = Debug|Any CPU
		{64C63E6D-7F9C-41B0-A2C9-CD9ED4E26D19}.Release|Any CPU.ActiveCfg = Release|Any CPU
		{64C63E6D-7F9C-41B0-A2C9-CD9ED4E26D19}.Release|Any CPU.Build.0 = Release|Any CPU
		{AE15CD8D-4F13-45A6-B6AD-6D2A3E8C15AF}.Debug|Any CPU.ActiveCfg = Debug|Any CPU
		{AE15CD8D-4F13-45A6-B6AD-6D2A3E8C15AF}.Debug|Any CPU.Build.0 = Debug|Any CPU
		{AE15CD8D-4F13-45A6-B6AD-6D2A3E8C15AF}.Release|Any CPU.ActiveCfg = Release|Any CPU
		{AE15CD8D-4F13-45A6-B6AD-6D2A3E8C15AF}.Release|Any CPU.Build.0 = Release|Any CPU
	EndGlobalSection
	GlobalSection(SolutionProperties) = preSolution
		HideSolutionNode = FALSE
	EndGlobalSection
	GlobalSection(ExtensibilityGlobals) = postSolution
		SolutionGuid = {FB8EC032-0046-4ABB-8C94-560050EA6E4F}
	EndGlobalSection
EndGlobal
